
Microsoft Visual Studio Solution File, Format Version 12.00
# Visual Studio Version 16
VisualStudioVersion = 16.0.31911.196
MinimumVisualStudioVersion = 10.0.40219.1
Project("{FAE04EC0-301F-11D3-BF4B-00C04F79EFBC}") = "APILayer", "StudentMVCProject\APILayer.csproj", "{BA33B9CA-1098-420E-9E5E-326EB1773C41}"
EndProject
Project("{FAE04EC0-301F-11D3-BF4B-00C04F79EFBC}") = "DataAccessLayer", "DataAccessLayer\DataAccessLayer.csproj", "{AFD26DD9-3990-4BCD-812A-7E2CEF793648}"
EndProject
Project("{FAE04EC0-301F-11D3-BF4B-00C04F79EFBC}") = "Entities", "Entities\Entities.csproj", "{1E87A65C-9E2A-4D69-95DC-693EE0D2F0A4}"
EndProject
Global
	GlobalSection(SolutionConfigurationPlatforms) = preSolution
		Debug|Any CPU = Debug|Any CPU
		Release|Any CPU = Release|Any CPU
	EndGlobalSection
	GlobalSection(ProjectConfigurationPlatforms) = postSolution
		{BA33B9CA-1098-420E-9E5E-326EB1773C41}.Debug|Any CPU.ActiveCfg = Debug|Any CPU
		{BA33B9CA-1098-420E-9E5E-326EB1773C41}.Debug|Any CPU.Build.0 = Debug|Any CPU
		{BA33B9CA-1098-420E-9E5E-326EB1773C41}.Release|Any CPU.ActiveCfg = Release|Any CPU
		{BA33B9CA-1098-420E-9E5E-326EB1773C41}.Release|Any CPU.Build.0 = Release|Any CPU
		{AFD26DD9-3990-4BCD-812A-7E2CEF793648}.Debug|Any CPU.ActiveCfg = Debug|Any CPU
		{AFD26DD9-3990-4BCD-812A-7E2CEF793648}.Debug|Any CPU.Build.0 = Debug|Any CPU
		{AFD26DD9-3990-4BCD-812A-7E2CEF793648}.Release|Any CPU.ActiveCfg = Release|Any CPU
		{AFD26DD9-3990-4BCD-812A-7E2CEF793648}.Release|Any CPU.Build.0 = Release|Any CPU
		{1E87A65C-9E2A-4D69-95DC-693EE0D2F0A4}.Debug|Any CPU.ActiveCfg = Debug|Any CPU
		{1E87A65C-9E2A-4D69-95DC-693EE0D2F0A4}.Debug|Any CPU.Build.0 = Debug|Any CPU
		{1E87A65C-9E2A-4D69-95DC-693EE0D2F0A4}.Release|Any CPU.ActiveCfg = Release|Any CPU
		{1E87A65C-9E2A-4D69-95DC-693EE0D2F0A4}.Release|Any CPU.Build.0 = Release|Any CPU
	EndGlobalSection
	GlobalSection(SolutionProperties) = preSolution
		HideSolutionNode = FALSE
	EndGlobalSection
	GlobalSection(ExtensibilityGlobals) = postSolution
		SolutionGuid = {252B2747-FDCC-495C-9F8B-7F4B7CEB4F70}
	EndGlobalSection
EndGlobal
